
Microsoft Visual Studio Solution File, Format Version 12.00
# Visual Studio 2013
VisualStudioVersion = 12.0.31101.0
MinimumVisualStudioVersion = 10.0.40219.1
Project("{FAE04EC0-301F-11D3-BF4B-00C04F79EFBC}") = "DietyUI", "Diety\DietyUI.csproj", "{3EF6C4FA-31BE-4841-A27A-234ECB162092}"
EndProject
Project("{FAE04EC0-301F-11D3-BF4B-00C04F79EFBC}") = "DietyDbDataModel", "DietyData\DietyDbDataModel.csproj", "{FAF29AA8-C0B3-426E-BD32-2A7EF8A8D1C2}"
EndProject
Project("{FAE04EC0-301F-11D3-BF4B-00C04F79EFBC}") = "DietyServices", "DietyServices\DietyServices.csproj", "{CFD943C1-ABB7-426F-872E-890869BEB58A}"
EndProject
Project("{FAE04EC0-301F-11D3-BF4B-00C04F79EFBC}") = "DietyCommonTypes", "DietyCommonTypes\DietyCommonTypes.csproj", "{981C9CFC-DA05-44B5-981E-5B9EA4BEF863}"
EndProject
Project("{FAE04EC0-301F-11D3-BF4B-00C04F79EFBC}") = "DietyDbAccess", "DbAccess\DietyDbAccess.csproj", "{31330753-2D52-4CB5-9CF1-B9EEDFC03C12}"
EndProject
Project("{FAE04EC0-301F-11D3-BF4B-00C04F79EFBC}") = "DietyDataAccess", "DietyDataAccess\DietyDataAccess.csproj", "{646BAD81-EC83-4C37-A75C-0ED06C1434CF}"
EndProject
Project("{FAE04EC0-301F-11D3-BF4B-00C04F79EFBC}") = "DietyDataTransportTypes", "DietyDataTransportTypes\DietyDataTransportTypes.csproj", "{E57413F4-97B8-4B68-B0DB-BA92DCB25A54}"
EndProject
Global
	GlobalSection(SolutionConfigurationPlatforms) = preSolution
		Debug|Any CPU = Debug|Any CPU
		Release|Any CPU = Release|Any CPU
	EndGlobalSection
	GlobalSection(ProjectConfigurationPlatforms) = postSolution
		{3EF6C4FA-31BE-4841-A27A-234ECB162092}.Debug|Any CPU.ActiveCfg = Debug|Any CPU
		{3EF6C4FA-31BE-4841-A27A-234ECB162092}.Debug|Any CPU.Build.0 = Debug|Any CPU
		{3EF6C4FA-31BE-4841-A27A-234ECB162092}.Release|Any CPU.ActiveCfg = Release|Any CPU
		{3EF6C4FA-31BE-4841-A27A-234ECB162092}.Release|Any CPU.Build.0 = Release|Any CPU
		{FAF29AA8-C0B3-426E-BD32-2A7EF8A8D1C2}.Debug|Any CPU.ActiveCfg = Debug|Any CPU
		{FAF29AA8-C0B3-426E-BD32-2A7EF8A8D1C2}.Debug|Any CPU.Build.0 = Debug|Any CPU
		{FAF29AA8-C0B3-426E-BD32-2A7EF8A8D1C2}.Release|Any CPU.ActiveCfg = Release|Any CPU
		{FAF29AA8-C0B3-426E-BD32-2A7EF8A8D1C2}.Release|Any CPU.Build.0 = Release|Any CPU
		{CFD943C1-ABB7-426F-872E-890869BEB58A}.Debug|Any CPU.ActiveCfg = Debug|Any CPU
		{CFD943C1-ABB7-426F-872E-890869BEB58A}.Debug|Any CPU.Build.0 = Debug|Any CPU
		{CFD943C1-ABB7-426F-872E-890869BEB58A}.Release|Any CPU.ActiveCfg = Release|Any CPU
		{CFD943C1-ABB7-426F-872E-890869BEB58A}.Release|Any CPU.Build.0 = Release|Any CPU
		{981C9CFC-DA05-44B5-981E-5B9EA4BEF863}.Debug|Any CPU.ActiveCfg = Debug|Any CPU
		{981C9CFC-DA05-44B5-981E-5B9EA4BEF863}.Debug|Any CPU.Build.0 = Debug|Any CPU
		{981C9CFC-DA05-44B5-981E-5B9EA4BEF863}.Release|Any CPU.ActiveCfg = Release|Any CPU
		{981C9CFC-DA05-44B5-981E-5B9EA4BEF863}.Release|Any CPU.Build.0 = Release|Any CPU
		{31330753-2D52-4CB5-9CF1-B9EEDFC03C12}.Debug|Any CPU.ActiveCfg = Debug|Any CPU
		{31330753-2D52-4CB5-9CF1-B9EEDFC03C12}.Debug|Any CPU.Build.0 = Debug|Any CPU
		{31330753-2D52-4CB5-9CF1-B9EEDFC03C12}.Release|Any CPU.ActiveCfg = Release|Any CPU
		{31330753-2D52-4CB5-9CF1-B9EEDFC03C12}.Release|Any CPU.Build.0 = Release|Any CPU
		{646BAD81-EC83-4C37-A75C-0ED06C1434CF}.Debug|Any CPU.ActiveCfg = Debug|Any CPU
		{646BAD81-EC83-4C37-A75C-0ED06C1434CF}.Debug|Any CPU.Build.0 = Debug|Any CPU
		{646BAD81-EC83-4C37-A75C-0ED06C1434CF}.Release|Any CPU.ActiveCfg = Release|Any CPU
		{646BAD81-EC83-4C37-A75C-0ED06C1434CF}.Release|Any CPU.Build.0 = Release|Any CPU
		{E57413F4-97B8-4B68-B0DB-BA92DCB25A54}.Debug|Any CPU.ActiveCfg = Debug|Any CPU
		{E57413F4-97B8-4B68-B0DB-BA92DCB25A54}.Debug|Any CPU.Build.0 = Debug|Any CPU
		{E57413F4-97B8-4B68-B0DB-BA92DCB25A54}.Release|Any CPU.ActiveCfg = Release|Any CPU
		{E57413F4-97B8-4B68-B0DB-BA92DCB25A54}.Release|Any CPU.Build.0 = Release|Any CPU
	EndGlobalSection
	GlobalSection(SolutionProperties) = preSolution
		HideSolutionNode = FALSE
	EndGlobalSection
EndGlobal
